
Microsoft Visual Studio Solution File, Format Version 12.00
# Visual Studio Version 17
VisualStudioVersion = 17.8.34212.112
MinimumVisualStudioVersion = 10.0.40219.1
Project("{FAE04EC0-301F-11D3-BF4B-00C04F79EFBC}") = "WebMN", "WebMN\WebMN.csproj", "{BAE20582-ED4E-4E62-90F4-2573FA9772AE}"
EndProject
Global
	GlobalSection(SolutionConfigurationPlatforms) = preSolution
		Debug|Any CPU = Debug|Any CPU
		Release|Any CPU = Release|Any CPU
	EndGlobalSection
	GlobalSection(ProjectConfigurationPlatforms) = postSolution
		{BAE20582-ED4E-4E62-90F4-2573FA9772AE}.Debug|Any CPU.ActiveCfg = Debug|Any CPU
		{BAE20582-ED4E-4E62-90F4-2573FA9772AE}.Debug|Any CPU.Build.0 = Debug|Any CPU
		{BAE20582-ED4E-4E62-90F4-2573FA9772AE}.Release|Any CPU.ActiveCfg = Release|Any CPU
		{BAE20582-ED4E-4E62-90F4-2573FA9772AE}.Release|Any CPU.Build.0 = Release|Any CPU
	EndGlobalSection
	GlobalSection(SolutionProperties) = preSolution
		HideSolutionNode = FALSE
	EndGlobalSection
	GlobalSection(ExtensibilityGlobals) = postSolution
		SolutionGuid = {CC18CADA-6A8E-4377-A1C8-0D035F9630C0}
	EndGlobalSection
EndGlobal
